// !$*UTF8*$!
{
	archiveVersion = 1;
	classes = {
	};
	objectVersion = 51;
	objects = {

/* Begin PBXBuildFile section */
		5D1ADDF42575E78E00D5ADB0 /* FlightInfo.swift in Sources */ = {isa = PBXBuildFile; fileRef = 5D1ADDF32575E78E00D5ADB0 /* FlightInfo.swift */; };
		5D990FF6253D3098000CEC47 /* AppDelegate.swift in Sources */ = {isa = PBXBuildFile; fileRef = 5D990FF5253D3098000CEC47 /* AppDelegate.swift */; };
		5D990FF8253D3098000CEC47 /* SceneDelegate.swift in Sources */ = {isa = PBXBuildFile; fileRef = 5D990FF7253D3098000CEC47 /* SceneDelegate.swift */; };
		5D990FFA253D3098000CEC47 /* ViewController.swift in Sources */ = {isa = PBXBuildFile; fileRef = 5D990FF9253D3098000CEC47 /* ViewController.swift */; };
		5D990FFD253D3098000CEC47 /* Main.storyboard in Resources */ = {isa = PBXBuildFile; fileRef = 5D990FFB253D3098000CEC47 /* Main.storyboard */; };
		5D990FFF253D3099000CEC47 /* Assets.xcassets in Resources */ = {isa = PBXBuildFile; fileRef = 5D990FFE253D3099000CEC47 /* Assets.xcassets */; };
		5D991002253D3099000CEC47 /* LaunchScreen.storyboard in Resources */ = {isa = PBXBuildFile; fileRef = 5D991000253D3099000CEC47 /* LaunchScreen.storyboard */; };
		5D99100A253D3122000CEC47 /* Constants.swift in Sources */ = {isa = PBXBuildFile; fileRef = 5D991009253D3122000CEC47 /* Constants.swift */; };
		5D99100C253D371A000CEC47 /* EntryViewController.swift in Sources */ = {isa = PBXBuildFile; fileRef = 5D99100B253D371A000CEC47 /* EntryViewController.swift */; };
		5D99100E253D6211000CEC47 /* ViewModel.swift in Sources */ = {isa = PBXBuildFile; fileRef = 5D99100D253D6211000CEC47 /* ViewModel.swift */; };
		5D991010253D6BE2000CEC47 /* GoogleService-Info.plist in Resources */ = {isa = PBXBuildFile; fileRef = 5D99100F253D6BE2000CEC47 /* GoogleService-Info.plist */; };
		5D991012253D7D6B000CEC47 /* StopWatchViewController.swift in Sources */ = {isa = PBXBuildFile; fileRef = 5D991011253D7D6B000CEC47 /* StopWatchViewController.swift */; };
		D59C1BFD9274F0116C80FDF6 /* Pods_FlightManagement.framework in Frameworks */ = {isa = PBXBuildFile; fileRef = 769EC1CC73A74CAE0FFF3700 /* Pods_FlightManagement.framework */; };
/* End PBXBuildFile section */

/* Begin PBXFileReference section */
		5D1ADDF32575E78E00D5ADB0 /* FlightInfo.swift */ = {isa = PBXFileReference; lastKnownFileType = sourcecode.swift; path = FlightInfo.swift; sourceTree = "<group>"; };
		5D990FF2253D3098000CEC47 /* FlightManagement.app */ = {isa = PBXFileReference; explicitFileType = wrapper.application; includeInIndex = 0; path = FlightManagement.app; sourceTree = BUILT_PRODUCTS_DIR; };
		5D990FF5253D3098000CEC47 /* AppDelegate.swift */ = {isa = PBXFileReference; lastKnownFileType = sourcecode.swift; path = AppDelegate.swift; sourceTree = "<group>"; };
		5D990FF7253D3098000CEC47 /* SceneDelegate.swift */ = {isa = PBXFileReference; lastKnownFileType = sourcecode.swift; path = SceneDelegate.swift; sourceTree = "<group>"; };
		5D990FF9253D3098000CEC47 /* ViewController.swift */ = {isa = PBXFileReference; lastKnownFileType = sourcecode.swift; path = ViewController.swift; sourceTree = "<group>"; };
		5D990FFC253D3098000CEC47 /* Base */ = {isa = PBXFileReference; lastKnownFileType = file.storyboard; name = Base; path = Base.lproj/Main.storyboard; sourceTree = "<group>"; };
		5D990FFE253D3099000CEC47 /* Assets.xcassets */ = {isa = PBXFileReference; lastKnownFileType = folder.assetcatalog; path = Assets.xcassets; sourceTree = "<group>"; };
		5D991001253D3099000CEC47 /* Base */ = {isa = PBXFileReference; lastKnownFileType = file.storyboard; name = Base; path = Base.lproj/LaunchScreen.storyboard; sourceTree = "<group>"; };
		5D991003253D3099000CEC47 /* Info.plist */ = {isa = PBXFileReference; lastKnownFileType = text.plist.xml; path = Info.plist; sourceTree = "<group>"; };
		5D991009253D3122000CEC47 /* Constants.swift */ = {isa = PBXFileReference; lastKnownFileType = sourcecode.swift; path = Constants.swift; sourceTree = "<group>"; };
		5D99100B253D371A000CEC47 /* EntryViewController.swift */ = {isa = PBXFileReference; lastKnownFileType = sourcecode.swift; path = EntryViewController.swift; sourceTree = "<group>"; };
		5D99100D253D6211000CEC47 /* ViewModel.swift */ = {isa = PBXFileReference; lastKnownFileType = sourcecode.swift; path = ViewModel.swift; sourceTree = "<group>"; };
		5D99100F253D6BE2000CEC47 /* GoogleService-Info.plist */ = {isa = PBXFileReference; fileEncoding = 4; lastKnownFileType = text.plist.xml; path = "GoogleService-Info.plist"; sourceTree = "<group>"; };
		5D991011253D7D6B000CEC47 /* StopWatchViewController.swift */ = {isa = PBXFileReference; lastKnownFileType = sourcecode.swift; path = StopWatchViewController.swift; sourceTree = "<group>"; };
		769EC1CC73A74CAE0FFF3700 /* Pods_FlightManagement.framework */ = {isa = PBXFileReference; explicitFileType = wrapper.framework; includeInIndex = 0; path = Pods_FlightManagement.framework; sourceTree = BUILT_PRODUCTS_DIR; };
		7FE4D0251A8B74A8DA3222BD /* Pods-FlightManagement.debug.xcconfig */ = {isa = PBXFileReference; includeInIndex = 1; lastKnownFileType = text.xcconfig; name = "Pods-FlightManagement.debug.xcconfig"; path = "Target Support Files/Pods-FlightManagement/Pods-FlightManagement.debug.xcconfig"; sourceTree = "<group>"; };
		9EC0A2F66A680CC4E35E1AF1 /* Pods-FlightManagement.release.xcconfig */ = {isa = PBXFileReference; includeInIndex = 1; lastKnownFileType = text.xcconfig; name = "Pods-FlightManagement.release.xcconfig"; path = "Target Support Files/Pods-FlightManagement/Pods-FlightManagement.release.xcconfig"; sourceTree = "<group>"; };
/* End PBXFileReference section */

/* Begin PBXFrameworksBuildPhase section */
		5D990FEF253D3098000CEC47 /* Frameworks */ = {
			isa = PBXFrameworksBuildPhase;
			buildActionMask = 2147483647;
			files = (
				D59C1BFD9274F0116C80FDF6 /* Pods_FlightManagement.framework in Frameworks */,
			);
			runOnlyForDeploymentPostprocessing = 0;
		};
/* End PBXFrameworksBuildPhase section */

/* Begin PBXGroup section */
		4BEC02D82DA88C9D0DCD581A /* Frameworks */ = {
			isa = PBXGroup;
			children = (
				769EC1CC73A74CAE0FFF3700 /* Pods_FlightManagement.framework */,
			);
			name = Frameworks;
			sourceTree = "<group>";
		};
		5D990FE9253D3098000CEC47 = {
			isa = PBXGroup;
			children = (
				5D990FF4253D3098000CEC47 /* FlightManagement */,
				5D990FF3253D3098000CEC47 /* Products */,
				E360BD9DED260649C449D7C2 /* Pods */,
				4BEC02D82DA88C9D0DCD581A /* Frameworks */,
			);
			sourceTree = "<group>";
		};
		5D990FF3253D3098000CEC47 /* Products */ = {
			isa = PBXGroup;
			children = (
				5D990FF2253D3098000CEC47 /* FlightManagement.app */,
			);
			name = Products;
			sourceTree = "<group>";
		};
		5D990FF4253D3098000CEC47 /* FlightManagement */ = {
			isa = PBXGroup;
			children = (
				5D990FF5253D3098000CEC47 /* AppDelegate.swift */,
				5D990FF7253D3098000CEC47 /* SceneDelegate.swift */,
				5D990FF9253D3098000CEC47 /* ViewController.swift */,
				5D99100B253D371A000CEC47 /* EntryViewController.swift */,
				5D991011253D7D6B000CEC47 /* StopWatchViewController.swift */,
				5D99100D253D6211000CEC47 /* ViewModel.swift */,
				5D991009253D3122000CEC47 /* Constants.swift */,
				5D1ADDF32575E78E00D5ADB0 /* FlightInfo.swift */,
				5D990FFB253D3098000CEC47 /* Main.storyboard */,
				5D990FFE253D3099000CEC47 /* Assets.xcassets */,
				5D991000253D3099000CEC47 /* LaunchScreen.storyboard */,
				5D991003253D3099000CEC47 /* Info.plist */,
				5D99100F253D6BE2000CEC47 /* GoogleService-Info.plist */,
			);
			path = FlightManagement;
			sourceTree = "<group>";
		};
		E360BD9DED260649C449D7C2 /* Pods */ = {
			isa = PBXGroup;
			children = (
				7FE4D0251A8B74A8DA3222BD /* Pods-FlightManagement.debug.xcconfig */,
				9EC0A2F66A680CC4E35E1AF1 /* Pods-FlightManagement.release.xcconfig */,
			);
			path = Pods;
			sourceTree = "<group>";
		};
/* End PBXGroup section */

/* Begin PBXNativeTarget section */
		5D990FF1253D3098000CEC47 /* FlightManagement */ = {
			isa = PBXNativeTarget;
			buildConfigurationList = 5D991006253D3099000CEC47 /* Build configuration list for PBXNativeTarget "FlightManagement" */;
			buildPhases = (
				A6991BE8250596F728EFEF44 /* [CP] Check Pods Manifest.lock */,
				5D990FEE253D3098000CEC47 /* Sources */,
				5D990FEF253D3098000CEC47 /* Frameworks */,
				5D990FF0253D3098000CEC47 /* Resources */,
				D6E2DD015BB1B2BF248277BA /* [CP] Embed Pods Frameworks */,
			);
			buildRules = (
			);
			dependencies = (
			);
			name = FlightManagement;
			productName = FlightManagement;
			productReference = 5D990FF2253D3098000CEC47 /* FlightManagement.app */;
			productType = "com.apple.product-type.application";
		};
/* End PBXNativeTarget section */

/* Begin PBXProject section */
		5D990FEA253D3098000CEC47 /* Project object */ = {
			isa = PBXProject;
			attributes = {
				LastSwiftUpdateCheck = 1170;
				LastUpgradeCheck = 1170;
				ORGANIZATIONNAME = "Shuhei Kotake";
				TargetAttributes = {
					5D990FF1253D3098000CEC47 = {
						CreatedOnToolsVersion = 11.7;
					};
				};
			};
			buildConfigurationList = 5D990FED253D3098000CEC47 /* Build configuration list for PBXProject "FlightManagement" */;
			compatibilityVersion = "Xcode 9.3";
			developmentRegion = en;
			hasScannedForEncodings = 0;
			knownRegions = (
				en,
				Base,
			);
			mainGroup = 5D990FE9253D3098000CEC47;
			productRefGroup = 5D990FF3253D3098000CEC47 /* Products */;
			projectDirPath = "";
			projectRoot = "";
			targets = (
				5D990FF1253D3098000CEC47 /* FlightManagement */,
			);
		};
/* End PBXProject section */

/* Begin PBXResourcesBuildPhase section */
		5D990FF0253D3098000CEC47 /* Resources */ = {
			isa = PBXResourcesBuildPhase;
			buildActionMask = 2147483647;
			files = (
				5D991002253D3099000CEC47 /* LaunchScreen.storyboard in Resources */,
				5D991010253D6BE2000CEC47 /* GoogleService-Info.plist in Resources */,
				5D990FFF253D3099000CEC47 /* Assets.xcassets in Resources */,
				5D990FFD253D3098000CEC47 /* Main.storyboard in Resources */,
			);
			runOnlyForDeploymentPostprocessing = 0;
		};
/* End PBXResourcesBuildPhase section */

/* Begin PBXShellScriptBuildPhase section */
		A6991BE8250596F728EFEF44 /* [CP] Check Pods Manifest.lock */ = {
			isa = PBXShellScriptBuildPhase;
			buildActionMask = 2147483647;
			files = (
			);
			inputFileListPaths = (
			);
			inputPaths = (
				"${PODS_PODFILE_DIR_PATH}/Podfile.lock",
				"${PODS_ROOT}/Manifest.lock",
			);
			name = "[CP] Check Pods Manifest.lock";
			outputFileListPaths = (
			);
			outputPaths = (
				"$(DERIVED_FILE_DIR)/Pods-FlightManagement-checkManifestLockResult.txt",
			);
			runOnlyForDeploymentPostprocessing = 0;
			shellPath = /bin/sh;
			shellScript = "diff \"${PODS_PODFILE_DIR_PATH}/Podfile.lock\" \"${PODS_ROOT}/Manifest.lock\" > /dev/null\nif [ $? != 0 ] ; then\n    # print error to STDERR\n    echo \"error: The sandbox is not in sync with the Podfile.lock. Run 'pod install' or update your CocoaPods installation.\" >&2\n    exit 1\nfi\n# This output is used by Xcode 'outputs' to avoid re-running this script phase.\necho \"SUCCESS\" > \"${SCRIPT_OUTPUT_FILE_0}\"\n";
			showEnvVarsInLog = 0;
		};
		D6E2DD015BB1B2BF248277BA /* [CP] Embed Pods Frameworks */ = {
			isa = PBXShellScriptBuildPhase;
			buildActionMask = 2147483647;
			files = (
			);
			inputFileListPaths = (
				"${PODS_ROOT}/Target Support Files/Pods-FlightManagement/Pods-FlightManagement-frameworks-${CONFIGURATION}-input-files.xcfilelist",
			);
			name = "[CP] Embed Pods Frameworks";
			outputFileListPaths = (
				"${PODS_ROOT}/Target Support Files/Pods-FlightManagement/Pods-FlightManagement-frameworks-${CONFIGURATION}-output-files.xcfilelist",
			);
			runOnlyForDeploymentPostprocessing = 0;
			shellPath = /bin/sh;
			shellScript = "\"${PODS_ROOT}/Target Support Files/Pods-FlightManagement/Pods-FlightManagement-frameworks.sh\"\n";
			showEnvVarsInLog = 0;
		};
/* End PBXShellScriptBuildPhase section */

/* Begin PBXSourcesBuildPhase section */
		5D990FEE253D3098000CEC47 /* Sources */ = {
			isa = PBXSourcesBuildPhase;
			buildActionMask = 2147483647;
			files = (
				5D990FFA253D3098000CEC47 /* ViewController.swift in Sources */,
				5D99100C253D371A000CEC47 /* EntryViewController.swift in Sources */,
				5D990FF6253D3098000CEC47 /* AppDelegate.swift in Sources */,
				5D1ADDF42575E78E00D5ADB0 /* FlightInfo.swift in Sources */,
				5D990FF8253D3098000CEC47 /* SceneDelegate.swift in Sources */,
				5D99100E253D6211000CEC47 /* ViewModel.swift in Sources */,
				5D991012253D7D6B000CEC47 /* StopWatchViewController.swift in Sources */,
				5D99100A253D3122000CEC47 /* Constants.swift in Sources */,
			);
			runOnlyForDeploymentPostprocessing = 0;
		};
/* End PBXSourcesBuildPhase section */

/* Begin PBXVariantGroup section */
		5D990FFB253D3098000CEC47 /* Main.storyboard */ = {
			isa = PBXVariantGroup;
			children = (
				5D990FFC253D3098000CEC47 /* Base */,
			);
			name = Main.storyboard;
			sourceTree = "<group>";
		};
		5D991000253D3099000CEC47 /* LaunchScreen.storyboard */ = {
			isa = PBXVariantGroup;
			children = (
				5D991001253D3099000CEC47 /* Base */,
			);
			name = LaunchScreen.storyboard;
			sourceTree = "<group>";
		};
/* End PBXVariantGroup section */

/* Begin XCBuildConfiguration section */
		5D991004253D3099000CEC47 /* Debug */ = {
			isa = XCBuildConfiguration;
			buildSettings = {
				ALWAYS_SEARCH_USER_PATHS = NO;
				CLANG_ANALYZER_NONNULL = YES;
				CLANG_ANALYZER_NUMBER_OBJECT_CONVERSION = YES_AGGRESSIVE;
				CLANG_CXX_LANGUAGE_STANDARD = "gnu++14";
				CLANG_CXX_LIBRARY = "libc++";
				CLANG_ENABLE_MODULES = YES;
				CLANG_ENABLE_OBJC_ARC = YES;
				CLANG_ENABLE_OBJC_WEAK = YES;
				CLANG_WARN_BLOCK_CAPTURE_AUTORELEASING = YES;
				CLANG_WARN_BOOL_CONVERSION = YES;
				CLANG_WARN_COMMA = YES;
				CLANG_WARN_CONSTANT_CONVERSION = YES;
				CLANG_WARN_DEPRECATED_OBJC_IMPLEMENTATIONS = YES;
				CLANG_WARN_DIRECT_OBJC_ISA_USAGE = YES_ERROR;
				CLANG_WARN_DOCUMENTATION_COMMENTS = YES;
				CLANG_WARN_EMPTY_BODY = YES;
				CLANG_WARN_ENUM_CONVERSION = YES;
				CLANG_WARN_INFINITE_RECURSION = YES;
				CLANG_WARN_INT_CONVERSION = YES;
				CLANG_WARN_NON_LITERAL_NULL_CONVERSION = YES;
				CLANG_WARN_OBJC_IMPLICIT_RETAIN_SELF = YES;
				CLANG_WARN_OBJC_LITERAL_CONVERSION = YES;
				CLANG_WARN_OBJC_ROOT_CLASS = YES_ERROR;
				CLANG_WARN_RANGE_LOOP_ANALYSIS = YES;
				CLANG_WARN_STRICT_PROTOTYPES = YES;
				CLANG_WARN_SUSPICIOUS_MOVE = YES;
				CLANG_WARN_UNGUARDED_AVAILABILITY = YES_AGGRESSIVE;
				CLANG_WARN_UNREACHABLE_CODE = YES;
				CLANG_WARN__DUPLICATE_METHOD_MATCH = YES;
				COPY_PHASE_STRIP = NO;
				DEBUG_INFORMATION_FORMAT = dwarf;
				ENABLE_STRICT_OBJC_MSGSEND = YES;
				ENABLE_TESTABILITY = YES;
				GCC_C_LANGUAGE_STANDARD = gnu11;
				GCC_DYNAMIC_NO_PIC = NO;
				GCC_NO_COMMON_BLOCKS = YES;
				GCC_OPTIMIZATION_LEVEL = 0;
				GCC_PREPROCESSOR_DEFINITIONS = (
					"DEBUG=1",
					"$(inherited)",
				);
				GCC_WARN_64_TO_32_BIT_CONVERSION = YES;
				GCC_WARN_ABOUT_RETURN_TYPE = YES_ERROR;
				GCC_WARN_UNDECLARED_SELECTOR = YES;
				GCC_WARN_UNINITIALIZED_AUTOS = YES_AGGRESSIVE;
				GCC_WARN_UNUSED_FUNCTION = YES;
				GCC_WARN_UNUSED_VARIABLE = YES;
				IPHONEOS_DEPLOYMENT_TARGET = 13.7;
				MTL_ENABLE_DEBUG_INFO = INCLUDE_SOURCE;
				MTL_FAST_MATH = YES;
				ONLY_ACTIVE_ARCH = YES;
				SDKROOT = iphoneos;
				SWIFT_ACTIVE_COMPILATION_CONDITIONS = DEBUG;
				SWIFT_OPTIMIZATION_LEVEL = "-Onone";
			};
			name = Debug;
		};
		5D991005253D3099000CEC47 /* Release */ = {
			isa = XCBuildConfiguration;
			buildSettings = {
				ALWAYS_SEARCH_USER_PATHS = NO;
				CLANG_ANALYZER_NONNULL = YES;
				CLANG_ANALYZER_NUMBER_OBJECT_CONVERSION = YES_AGGRESSIVE;
				CLANG_CXX_LANGUAGE_STANDARD = "gnu++14";
				CLANG_CXX_LIBRARY = "libc++";
				CLANG_ENABLE_MODULES = YES;
				CLANG_ENABLE_OBJC_ARC = YES;
				CLANG_ENABLE_OBJC_WEAK = YES;
				CLANG_WARN_BLOCK_CAPTURE_AUTORELEASING = YES;
				CLANG_WARN_BOOL_CONVERSION = YES;
				CLANG_WARN_COMMA = YES;
				CLANG_WARN_CONSTANT_CONVERSION = YES;
				CLANG_WARN_DEPRECATED_OBJC_IMPLEMENTATIONS = YES;
				CLANG_WARN_DIRECT_OBJC_ISA_USAGE = YES_ERROR;
				CLANG_WARN_DOCUMENTATION_COMMENTS = YES;
				CLANG_WARN_EMPTY_BODY = YES;
				CLANG_WARN_ENUM_CONVERSION = YES;
				CLANG_WARN_INFINITE_RECURSION = YES;
				CLANG_WARN_INT_CONVERSION = YES;
				CLANG_WARN_NON_LITERAL_NULL_CONVERSION = YES;
				CLANG_WARN_OBJC_IMPLICIT_RETAIN_SELF = YES;
				CLANG_WARN_OBJC_LITERAL_CONVERSION = YES;
				CLANG_WARN_OBJC_ROOT_CLASS = YES_ERROR;
				CLANG_WARN_RANGE_LOOP_ANALYSIS = YES;
				CLANG_WARN_STRICT_PROTOTYPES = YES;
				CLANG_WARN_SUSPICIOUS_MOVE = YES;
				CLANG_WARN_UNGUARDED_AVAILABILITY = YES_AGGRESSIVE;
				CLANG_WARN_UNREACHABLE_CODE = YES;
				CLANG_WARN__DUPLICATE_METHOD_MATCH = YES;
				COPY_PHASE_STRIP = NO;
				DEBUG_INFORMATION_FORMAT = "dwarf-with-dsym";
				ENABLE_NS_ASSERTIONS = NO;
				ENABLE_STRICT_OBJC_MSGSEND = YES;
				GCC_C_LANGUAGE_STANDARD = gnu11;
				GCC_NO_COMMON_BLOCKS = YES;
				GCC_WARN_64_TO_32_BIT_CONVERSION = YES;
				GCC_WARN_ABOUT_RETURN_TYPE = YES_ERROR;
				GCC_WARN_UNDECLARED_SELECTOR = YES;
				GCC_WARN_UNINITIALIZED_AUTOS = YES_AGGRESSIVE;
				GCC_WARN_UNUSED_FUNCTION = YES;
				GCC_WARN_UNUSED_VARIABLE = YES;
				IPHONEOS_DEPLOYMENT_TARGET = 13.7;
				MTL_ENABLE_DEBUG_INFO = NO;
				MTL_FAST_MATH = YES;
				SDKROOT = iphoneos;
				SWIFT_COMPILATION_MODE = wholemodule;
				SWIFT_OPTIMIZATION_LEVEL = "-O";
				VALIDATE_PRODUCT = YES;
			};
			name = Release;
		};
		5D991007253D3099000CEC47 /* Debug */ = {
			isa = XCBuildConfiguration;
			baseConfigurationReference = 7FE4D0251A8B74A8DA3222BD /* Pods-FlightManagement.debug.xcconfig */;
			buildSettings = {
				ASSETCATALOG_COMPILER_APPICON_NAME = AppIcon;
				CODE_SIGN_STYLE = Automatic;
				DEVELOPMENT_TEAM = 87UT27Z98Y;
				INFOPLIST_FILE = FlightManagement/Info.plist;
				LD_RUNPATH_SEARCH_PATHS = (
					"$(inherited)",
					"@executable_path/Frameworks",
				);
				PRODUCT_BUNDLE_IDENTIFIER = jp.co.enecom.FlightManagement;
				PRODUCT_NAME = "$(TARGET_NAME)";
				SWIFT_VERSION = 5.0;
				TARGETED_DEVICE_FAMILY = "1,2";
			};
			name = Debug;
		};
		5D991008253D3099000CEC47 /* Release */ = {
			isa = XCBuildConfiguration;
			baseConfigurationReference = 9EC0A2F66A680CC4E35E1AF1 /* Pods-FlightManagement.release.xcconfig */;
			buildSettings = {
				ASSETCATALOG_COMPILER_APPICON_NAME = AppIcon;
				CODE_SIGN_STYLE = Automatic;
				DEVELOPMENT_TEAM = 87UT27Z98Y;
				INFOPLIST_FILE = FlightManagement/Info.plist;
				LD_RUNPATH_SEARCH_PATHS = (
					"$(inherited)",
					"@executable_path/Frameworks",
				);
				PRODUCT_BUNDLE_IDENTIFIER = jp.co.enecom.FlightManagement;
				PRODUCT_NAME = "$(TARGET_NAME)";
				SWIFT_VERSION = 5.0;
				TARGETED_DEVICE_FAMILY = "1,2";
			};
			name = Release;
		};
/* End XCBuildConfiguration section */

/* Begin XCConfigurationList section */
		5D990FED253D3098000CEC47 /* Build configuration list for PBXProject "FlightManagement" */ = {
			isa = XCConfigurationList;
			buildConfigurations = (
				5D991004253D3099000CEC47 /* Debug */,
				5D991005253D3099000CEC47 /* Release */,
			);
			defaultConfigurationIsVisible = 0;
			defaultConfigurationName = Release;
		};
		5D991006253D3099000CEC47 /* Build configuration list for PBXNativeTarget "FlightManagement" */ = {
			isa = XCConfigurationList;
			buildConfigurations = (
				5D991007253D3099000CEC47 /* Debug */,
				5D991008253D3099000CEC47 /* Release */,
			);
			defaultConfigurationIsVisible = 0;
			defaultConfigurationName = Release;
		};
/* End XCConfigurationList section */
	};
	rootObject = 5D990FEA253D3098000CEC47 /* Project object */;
}
